
Microsoft Visual Studio Solution File, Format Version 12.00
# Visual Studio Version 17
VisualStudioVersion = 17.4.33213.308
MinimumVisualStudioVersion = 10.0.40219.1
Project("{FAE04EC0-301F-11D3-BF4B-00C04F79EFBC}") = "Convertidordetemperaturas", "Convertidordetemperaturas\Convertidordetemperaturas.csproj", "{203A46DE-FD91-49B2-8C84-AD4621285843}"
EndProject
Global
	GlobalSection(SolutionConfigurationPlatforms) = preSolution
		Debug|Any CPU = Debug|Any CPU
		Release|Any CPU = Release|Any CPU
	EndGlobalSection
	GlobalSection(ProjectConfigurationPlatforms) = postSolution
		{203A46DE-FD91-49B2-8C84-AD4621285843}.Debug|Any CPU.ActiveCfg = Debug|Any CPU
		{203A46DE-FD91-49B2-8C84-AD4621285843}.Debug|Any CPU.Build.0 = Debug|Any CPU
		{203A46DE-FD91-49B2-8C84-AD4621285843}.Release|Any CPU.ActiveCfg = Release|Any CPU
		{203A46DE-FD91-49B2-8C84-AD4621285843}.Release|Any CPU.Build.0 = Release|Any CPU
	EndGlobalSection
	GlobalSection(SolutionProperties) = preSolution
		HideSolutionNode = FALSE
	EndGlobalSection
	GlobalSection(ExtensibilityGlobals) = postSolution
		SolutionGuid = {C1C7FBCE-ADBB-4636-968C-FC3D5599C86E}
	EndGlobalSection
EndGlobal
