
Microsoft Visual Studio Solution File, Format Version 12.00
# Visual Studio Version 17
VisualStudioVersion = 17.4.33213.308
MinimumVisualStudioVersion = 10.0.40219.1
Project("{FAE04EC0-301F-11D3-BF4B-00C04F79EFBC}") = "Permutaciones", "Permutaciones\Permutaciones.csproj", "{BCAB9CBF-B55B-41AA-924C-7830CA04F586}"
EndProject
Global
	GlobalSection(SolutionConfigurationPlatforms) = preSolution
		Debug|Any CPU = Debug|Any CPU
		Release|Any CPU = Release|Any CPU
	EndGlobalSection
	GlobalSection(ProjectConfigurationPlatforms) = postSolution
		{BCAB9CBF-B55B-41AA-924C-7830CA04F586}.Debug|Any CPU.ActiveCfg = Debug|Any CPU
		{BCAB9CBF-B55B-41AA-924C-7830CA04F586}.Debug|Any CPU.Build.0 = Debug|Any CPU
		{BCAB9CBF-B55B-41AA-924C-7830CA04F586}.Release|Any CPU.ActiveCfg = Release|Any CPU
		{BCAB9CBF-B55B-41AA-924C-7830CA04F586}.Release|Any CPU.Build.0 = Release|Any CPU
	EndGlobalSection
	GlobalSection(SolutionProperties) = preSolution
		HideSolutionNode = FALSE
	EndGlobalSection
	GlobalSection(ExtensibilityGlobals) = postSolution
		SolutionGuid = {87561C4E-8188-4DD5-9EB6-76ED39FD56EA}
	EndGlobalSection
EndGlobal
