
Microsoft Visual Studio Solution File, Format Version 12.00
# Visual Studio Version 17
VisualStudioVersion = 17.4.33213.308
MinimumVisualStudioVersion = 10.0.40219.1
Project("{FAE04EC0-301F-11D3-BF4B-00C04F79EFBC}") = "Calculadoradeecuaciones", "Calculadoradeecuaciones\Calculadoradeecuaciones.csproj", "{C53AFA5B-608C-42EF-8BA5-C430B0E5AC5C}"
EndProject
Global
	GlobalSection(SolutionConfigurationPlatforms) = preSolution
		Debug|Any CPU = Debug|Any CPU
		Release|Any CPU = Release|Any CPU
	EndGlobalSection
	GlobalSection(ProjectConfigurationPlatforms) = postSolution
		{C53AFA5B-608C-42EF-8BA5-C430B0E5AC5C}.Debug|Any CPU.ActiveCfg = Debug|Any CPU
		{C53AFA5B-608C-42EF-8BA5-C430B0E5AC5C}.Debug|Any CPU.Build.0 = Debug|Any CPU
		{C53AFA5B-608C-42EF-8BA5-C430B0E5AC5C}.Release|Any CPU.ActiveCfg = Release|Any CPU
		{C53AFA5B-608C-42EF-8BA5-C430B0E5AC5C}.Release|Any CPU.Build.0 = Release|Any CPU
	EndGlobalSection
	GlobalSection(SolutionProperties) = preSolution
		HideSolutionNode = FALSE
	EndGlobalSection
	GlobalSection(ExtensibilityGlobals) = postSolution
		SolutionGuid = {72AD63C9-C9D2-498F-BA3F-AD51A147B598}
	EndGlobalSection
EndGlobal
